
Microsoft Visual Studio Solution File, Format Version 12.00
# Visual Studio Version 17
VisualStudioVersion = 17.9.34728.123
MinimumVisualStudioVersion = 10.0.40219.1
Project("{FAE04EC0-301F-11D3-BF4B-00C04F79EFBC}") = "SE160271.BookManagementApplicationAPI", "SE160271.BookManagementApplicationAPI\SE160271.BookManagementApplicationAPI.csproj", "{2F0ECBC3-3D45-4EB8-8226-C94AB601A6B1}"
EndProject
Project("{FAE04EC0-301F-11D3-BF4B-00C04F79EFBC}") = "SE160271.BookManagementApplicationRepo", "SE160271.BookManagementApplicationRepo\SE160271.BookManagementApplicationRepo.csproj", "{A6090DFD-A335-469F-8B25-2E4C61A6BDB7}"
EndProject
Global
	GlobalSection(SolutionConfigurationPlatforms) = preSolution
		Debug|Any CPU = Debug|Any CPU
		Release|Any CPU = Release|Any CPU
	EndGlobalSection
	GlobalSection(ProjectConfigurationPlatforms) = postSolution
		{2F0ECBC3-3D45-4EB8-8226-C94AB601A6B1}.Debug|Any CPU.ActiveCfg = Debug|Any CPU
		{2F0ECBC3-3D45-4EB8-8226-C94AB601A6B1}.Debug|Any CPU.Build.0 = Debug|Any CPU
		{2F0ECBC3-3D45-4EB8-8226-C94AB601A6B1}.Release|Any CPU.ActiveCfg = Release|Any CPU
		{2F0ECBC3-3D45-4EB8-8226-C94AB601A6B1}.Release|Any CPU.Build.0 = Release|Any CPU
		{A6090DFD-A335-469F-8B25-2E4C61A6BDB7}.Debug|Any CPU.ActiveCfg = Debug|Any CPU
		{A6090DFD-A335-469F-8B25-2E4C61A6BDB7}.Debug|Any CPU.Build.0 = Debug|Any CPU
		{A6090DFD-A335-469F-8B25-2E4C61A6BDB7}.Release|Any CPU.ActiveCfg = Release|Any CPU
		{A6090DFD-A335-469F-8B25-2E4C61A6BDB7}.Release|Any CPU.Build.0 = Release|Any CPU
	EndGlobalSection
	GlobalSection(SolutionProperties) = preSolution
		HideSolutionNode = FALSE
	EndGlobalSection
	GlobalSection(ExtensibilityGlobals) = postSolution
		SolutionGuid = {58349842-D1CC-44CD-871C-E775FA1574CB}
	EndGlobalSection
EndGlobal
